
Microsoft Visual Studio Solution File, Format Version 12.00
# Visual Studio Version 16
VisualStudioVersion = 25.0.1706.11
MinimumVisualStudioVersion = 10.0.40219.1
Project("{2150E333-8FDC-42A3-9474-1A3956D46DE8}") = "Services", "Services", "{D34FAC01-A120-432C-9202-D736894AE72A}"
EndProject
Project("{2150E333-8FDC-42A3-9474-1A3956D46DE8}") = "Catalog", "Catalog", "{C9C53801-3154-490D-A34D-E0FC0C5B76D9}"
EndProject
Project("{FAE04EC0-301F-11D3-BF4B-00C04F79EFBC}") = "Catalog.API", "Services\Catalog\Catalog.API\Catalog.API.csproj", "{1A200821-06E4-4DF7-B50F-696C4A4E6676}"
EndProject
Project("{E53339B2-1760-4266-BCC7-CA923CBCF16C}") = "docker-compose", "docker-compose.dcproj", "{1C6FA85D-4D0B-4D7D-9EF9-09EE8F1B3B13}"
EndProject
Project("{2150E333-8FDC-42A3-9474-1A3956D46DE8}") = "Basket", "Basket", "{58B84A0B-2015-4D75-AFEE-6D4E82FD8AD3}"
EndProject
Project("{FAE04EC0-301F-11D3-BF4B-00C04F79EFBC}") = "Basket.API", "Services\Basket\Basket.API\Basket.API.csproj", "{58C280F5-588A-4603-894F-C22E1FB2EF1F}"
EndProject
Global
	GlobalSection(SolutionConfigurationPlatforms) = preSolution
		Debug|Any CPU = Debug|Any CPU
		Release|Any CPU = Release|Any CPU
	EndGlobalSection
	GlobalSection(ProjectConfigurationPlatforms) = postSolution
		{1A200821-06E4-4DF7-B50F-696C4A4E6676}.Debug|Any CPU.ActiveCfg = Debug|Any CPU
		{1A200821-06E4-4DF7-B50F-696C4A4E6676}.Debug|Any CPU.Build.0 = Debug|Any CPU
		{1A200821-06E4-4DF7-B50F-696C4A4E6676}.Release|Any CPU.ActiveCfg = Release|Any CPU
		{1A200821-06E4-4DF7-B50F-696C4A4E6676}.Release|Any CPU.Build.0 = Release|Any CPU
		{1C6FA85D-4D0B-4D7D-9EF9-09EE8F1B3B13}.Debug|Any CPU.ActiveCfg = Debug|Any CPU
		{1C6FA85D-4D0B-4D7D-9EF9-09EE8F1B3B13}.Debug|Any CPU.Build.0 = Debug|Any CPU
		{1C6FA85D-4D0B-4D7D-9EF9-09EE8F1B3B13}.Release|Any CPU.ActiveCfg = Release|Any CPU
		{1C6FA85D-4D0B-4D7D-9EF9-09EE8F1B3B13}.Release|Any CPU.Build.0 = Release|Any CPU
		{58C280F5-588A-4603-894F-C22E1FB2EF1F}.Debug|Any CPU.ActiveCfg = Debug|Any CPU
		{58C280F5-588A-4603-894F-C22E1FB2EF1F}.Debug|Any CPU.Build.0 = Debug|Any CPU
		{58C280F5-588A-4603-894F-C22E1FB2EF1F}.Release|Any CPU.ActiveCfg = Release|Any CPU
		{58C280F5-588A-4603-894F-C22E1FB2EF1F}.Release|Any CPU.Build.0 = Release|Any CPU
	EndGlobalSection
	GlobalSection(SolutionProperties) = preSolution
		HideSolutionNode = FALSE
	EndGlobalSection
	GlobalSection(ExtensibilityGlobals) = postSolution
		SolutionGuid = {E0C4EE46-1F16-40EA-8DD6-78C50A844313}
	EndGlobalSection
	GlobalSection(NestedProjects) = preSolution
		{C9C53801-3154-490D-A34D-E0FC0C5B76D9} = {D34FAC01-A120-432C-9202-D736894AE72A}
		{1A200821-06E4-4DF7-B50F-696C4A4E6676} = {C9C53801-3154-490D-A34D-E0FC0C5B76D9}
		{58B84A0B-2015-4D75-AFEE-6D4E82FD8AD3} = {D34FAC01-A120-432C-9202-D736894AE72A}
		{58C280F5-588A-4603-894F-C22E1FB2EF1F} = {58B84A0B-2015-4D75-AFEE-6D4E82FD8AD3}
	EndGlobalSection
EndGlobal
